
Microsoft Visual Studio Solution File, Format Version 12.00
# Visual Studio Version 17
VisualStudioVersion = 17.14.36401.2 d17.14
MinimumVisualStudioVersion = 10.0.40219.1
Project("{FAE04EC0-301F-11D3-BF4B-00C04F79EFBC}") = "thirdtryatgitthing", "thirdtryatgitthing\thirdtryatgitthing.csproj", "{849837EA-FB72-40E7-91B4-0D46193BFC16}"
EndProject
Global
	GlobalSection(SolutionConfigurationPlatforms) = preSolution
		Debug|Any CPU = Debug|Any CPU
		Release|Any CPU = Release|Any CPU
	EndGlobalSection
	GlobalSection(ProjectConfigurationPlatforms) = postSolution
		{849837EA-FB72-40E7-91B4-0D46193BFC16}.Debug|Any CPU.ActiveCfg = Debug|Any CPU
		{849837EA-FB72-40E7-91B4-0D46193BFC16}.Debug|Any CPU.Build.0 = Debug|Any CPU
		{849837EA-FB72-40E7-91B4-0D46193BFC16}.Release|Any CPU.ActiveCfg = Release|Any CPU
		{849837EA-FB72-40E7-91B4-0D46193BFC16}.Release|Any CPU.Build.0 = Release|Any CPU
	EndGlobalSection
	GlobalSection(SolutionProperties) = preSolution
		HideSolutionNode = FALSE
	EndGlobalSection
	GlobalSection(ExtensibilityGlobals) = postSolution
		SolutionGuid = {AF885CF4-5D38-49C1-A36C-AB2902A17F0C}
	EndGlobalSection
EndGlobal
